
Microsoft Visual Studio Solution File, Format Version 12.00
# Visual Studio 14
VisualStudioVersion = 14.0.25123.0
MinimumVisualStudioVersion = 10.0.40219.1
Project("{FAE04EC0-301F-11D3-BF4B-00C04F79EFBC}") = "WindowsPhoneResources", "WindowsPhoneResources\WindowsPhoneResources.csproj", "{8607DB76-604D-4879-9460-E4F6D31F30BF}"
EndProject
Project("{FAE04EC0-301F-11D3-BF4B-00C04F79EFBC}") = "LocalizationResources", "LocalizationResources\LocalizationResources.csproj", "{1A22F508-54CC-455D-9ABE-787DB6358185}"
EndProject
Global
	GlobalSection(SolutionConfigurationPlatforms) = preSolution
		Debug|Any CPU = Debug|Any CPU
		Debug|ARM = Debug|ARM
		Debug|x86 = Debug|x86
		Release|Any CPU = Release|Any CPU
		Release|ARM = Release|ARM
		Release|x86 = Release|x86
	EndGlobalSection
	GlobalSection(ProjectConfigurationPlatforms) = postSolution
		{8607DB76-604D-4879-9460-E4F6D31F30BF}.Debug|Any CPU.ActiveCfg = Debug|Any CPU
		{8607DB76-604D-4879-9460-E4F6D31F30BF}.Debug|Any CPU.Build.0 = Debug|Any CPU
		{8607DB76-604D-4879-9460-E4F6D31F30BF}.Debug|Any CPU.Deploy.0 = Debug|Any CPU
		{8607DB76-604D-4879-9460-E4F6D31F30BF}.Debug|ARM.ActiveCfg = Debug|ARM
		{8607DB76-604D-4879-9460-E4F6D31F30BF}.Debug|ARM.Build.0 = Debug|ARM
		{8607DB76-604D-4879-9460-E4F6D31F30BF}.Debug|ARM.Deploy.0 = Debug|ARM
		{8607DB76-604D-4879-9460-E4F6D31F30BF}.Debug|x86.ActiveCfg = Debug|x86
		{8607DB76-604D-4879-9460-E4F6D31F30BF}.Debug|x86.Build.0 = Debug|x86
		{8607DB76-604D-4879-9460-E4F6D31F30BF}.Debug|x86.Deploy.0 = Debug|x86
		{8607DB76-604D-4879-9460-E4F6D31F30BF}.Release|Any CPU.ActiveCfg = Release|Any CPU
		{8607DB76-604D-4879-9460-E4F6D31F30BF}.Release|Any CPU.Build.0 = Release|Any CPU
		{8607DB76-604D-4879-9460-E4F6D31F30BF}.Release|Any CPU.Deploy.0 = Release|Any CPU
		{8607DB76-604D-4879-9460-E4F6D31F30BF}.Release|ARM.ActiveCfg = Release|ARM
		{8607DB76-604D-4879-9460-E4F6D31F30BF}.Release|ARM.Build.0 = Release|ARM
		{8607DB76-604D-4879-9460-E4F6D31F30BF}.Release|ARM.Deploy.0 = Release|ARM
		{8607DB76-604D-4879-9460-E4F6D31F30BF}.Release|x86.ActiveCfg = Release|x86
		{8607DB76-604D-4879-9460-E4F6D31F30BF}.Release|x86.Build.0 = Release|x86
		{8607DB76-604D-4879-9460-E4F6D31F30BF}.Release|x86.Deploy.0 = Release|x86
		{1A22F508-54CC-455D-9ABE-787DB6358185}.Debug|Any CPU.ActiveCfg = Debug|Any CPU
		{1A22F508-54CC-455D-9ABE-787DB6358185}.Debug|Any CPU.Build.0 = Debug|Any CPU
		{1A22F508-54CC-455D-9ABE-787DB6358185}.Debug|ARM.ActiveCfg = Debug|Any CPU
		{1A22F508-54CC-455D-9ABE-787DB6358185}.Debug|ARM.Build.0 = Debug|Any CPU
		{1A22F508-54CC-455D-9ABE-787DB6358185}.Debug|x86.ActiveCfg = Debug|Any CPU
		{1A22F508-54CC-455D-9ABE-787DB6358185}.Debug|x86.Build.0 = Debug|Any CPU
		{1A22F508-54CC-455D-9ABE-787DB6358185}.Release|Any CPU.ActiveCfg = Release|Any CPU
		{1A22F508-54CC-455D-9ABE-787DB6358185}.Release|Any CPU.Build.0 = Release|Any CPU
		{1A22F508-54CC-455D-9ABE-787DB6358185}.Release|ARM.ActiveCfg = Release|Any CPU
		{1A22F508-54CC-455D-9ABE-787DB6358185}.Release|ARM.Build.0 = Release|Any CPU
		{1A22F508-54CC-455D-9ABE-787DB6358185}.Release|x86.ActiveCfg = Release|Any CPU
		{1A22F508-54CC-455D-9ABE-787DB6358185}.Release|x86.Build.0 = Release|Any CPU
	EndGlobalSection
	GlobalSection(SolutionProperties) = preSolution
		HideSolutionNode = FALSE
	EndGlobalSection
EndGlobal
